
Microsoft Visual Studio Solution File, Format Version 12.00
# Visual Studio Version 16
VisualStudioVersion = 16.0.29215.179
MinimumVisualStudioVersion = 10.0.40219.1
Project("{FAE04EC0-301F-11D3-BF4B-00C04F79EFBC}") = "Sales Manager", "Sales Manager\Sales Manager.csproj", "{D07EAED7-786D-4719-B1B5-D6A5F1B39381}"
EndProject
Project("{2150E333-8FDC-42A3-9474-1A3956D46DE8}") = "Solution Items", "Solution Items", "{7CAA9C02-5CD7-44CA-BE16-FDA3C43AA85D}"
	ProjectSection(SolutionItems) = preProject
		appveyor.yml = appveyor.yml
		LICENSE = LICENSE
		README.md = README.md
		.gitignore = .gitignore
		Docs\Sales Manager.gui = Docs\Sales Manager.gui
	EndProjectSection
EndProject
Global
	GlobalSection(SolutionConfigurationPlatforms) = preSolution
		Debug|Any CPU = Debug|Any CPU
		Release|Any CPU = Release|Any CPU
	EndGlobalSection
	GlobalSection(ProjectConfigurationPlatforms) = postSolution
		{D07EAED7-786D-4719-B1B5-D6A5F1B39381}.Debug|Any CPU.ActiveCfg = Debug|Any CPU
		{D07EAED7-786D-4719-B1B5-D6A5F1B39381}.Debug|Any CPU.Build.0 = Debug|Any CPU
		{D07EAED7-786D-4719-B1B5-D6A5F1B39381}.Release|Any CPU.ActiveCfg = Release|Any CPU
		{D07EAED7-786D-4719-B1B5-D6A5F1B39381}.Release|Any CPU.Build.0 = Release|Any CPU
	EndGlobalSection
	GlobalSection(SolutionProperties) = preSolution
		HideSolutionNode = FALSE
	EndGlobalSection
	GlobalSection(ExtensibilityGlobals) = postSolution
		SolutionGuid = {677CE6F4-347D-4B02-A334-721E11251EFC}
	EndGlobalSection
EndGlobal
